
Microsoft Visual Studio Solution File, Format Version 12.00
# Visual Studio Version 17
VisualStudioVersion = 17.5.33424.131
MinimumVisualStudioVersion = 10.0.40219.1
Project("{9A19103F-16F7-4668-BE54-9A1E7A4F7556}") = "InventoryManagerAPI", "InventoryManager\InventoryManagerAPI.csproj", "{D800DBE9-A6BC-4360-B36C-8DC186D81449}"
EndProject
Project("{FAE04EC0-301F-11D3-BF4B-00C04F79EFBC}") = "InventoryManagerAPI_Tests", "InventoryManagerAPI_Tests\InventoryManagerAPI_Tests.csproj", "{C95F300F-8B9D-4203-BB04-EF977F35608C}"
EndProject
Global
	GlobalSection(SolutionConfigurationPlatforms) = preSolution
		Debug|Any CPU = Debug|Any CPU
		Release|Any CPU = Release|Any CPU
	EndGlobalSection
	GlobalSection(ProjectConfigurationPlatforms) = postSolution
		{D800DBE9-A6BC-4360-B36C-8DC186D81449}.Debug|Any CPU.ActiveCfg = Debug|Any CPU
		{D800DBE9-A6BC-4360-B36C-8DC186D81449}.Debug|Any CPU.Build.0 = Debug|Any CPU
		{D800DBE9-A6BC-4360-B36C-8DC186D81449}.Release|Any CPU.ActiveCfg = Release|Any CPU
		{D800DBE9-A6BC-4360-B36C-8DC186D81449}.Release|Any CPU.Build.0 = Release|Any CPU
		{C95F300F-8B9D-4203-BB04-EF977F35608C}.Debug|Any CPU.ActiveCfg = Debug|Any CPU
		{C95F300F-8B9D-4203-BB04-EF977F35608C}.Debug|Any CPU.Build.0 = Debug|Any CPU
		{C95F300F-8B9D-4203-BB04-EF977F35608C}.Release|Any CPU.ActiveCfg = Release|Any CPU
		{C95F300F-8B9D-4203-BB04-EF977F35608C}.Release|Any CPU.Build.0 = Release|Any CPU
	EndGlobalSection
	GlobalSection(SolutionProperties) = preSolution
		HideSolutionNode = FALSE
	EndGlobalSection
	GlobalSection(ExtensibilityGlobals) = postSolution
		SolutionGuid = {E37102C9-6BEF-4208-BDA9-C94DCDC4DAA7}
	EndGlobalSection
EndGlobal
